
Microsoft Visual Studio Solution File, Format Version 12.00
# Visual Studio Version 16
VisualStudioVersion = 16.0.31515.178
MinimumVisualStudioVersion = 10.0.40219.1
Project("{FAE04EC0-301F-11D3-BF4B-00C04F79EFBC}") = "Unit14_3", "Unit14_3.csproj", "{7D87FE4C-73FA-4F53-A12E-0206854202FB}"
EndProject
Global
	GlobalSection(SolutionConfigurationPlatforms) = preSolution
		Debug|Any CPU = Debug|Any CPU
		Release|Any CPU = Release|Any CPU
	EndGlobalSection
	GlobalSection(ProjectConfigurationPlatforms) = postSolution
		{7D87FE4C-73FA-4F53-A12E-0206854202FB}.Debug|Any CPU.ActiveCfg = Debug|Any CPU
		{7D87FE4C-73FA-4F53-A12E-0206854202FB}.Debug|Any CPU.Build.0 = Debug|Any CPU
		{7D87FE4C-73FA-4F53-A12E-0206854202FB}.Release|Any CPU.ActiveCfg = Release|Any CPU
		{7D87FE4C-73FA-4F53-A12E-0206854202FB}.Release|Any CPU.Build.0 = Release|Any CPU
	EndGlobalSection
	GlobalSection(SolutionProperties) = preSolution
		HideSolutionNode = FALSE
	EndGlobalSection
	GlobalSection(ExtensibilityGlobals) = postSolution
		SolutionGuid = {28062F98-B362-4A03-82A4-E7164C02F1D1}
	EndGlobalSection
EndGlobal
